// !$*UTF8*$!
{
	archiveVersion = 1;
	classes = {
	};
	objectVersion = 46;
	objects = {

/* Begin PBXBuildFile section */
		298EA3331ED0DA84006F7A14 /* SetTeamIDViewController.swift in Sources */ = {isa = PBXBuildFile; fileRef = 298EA3321ED0DA84006F7A14 /* SetTeamIDViewController.swift */; };
		298EA3351ED3370C006F7A14 /* AddPlayerViewController.swift in Sources */ = {isa = PBXBuildFile; fileRef = 298EA3341ED3370C006F7A14 /* AddPlayerViewController.swift */; };
		298EA3371ED33958006F7A14 /* Players.swift in Sources */ = {isa = PBXBuildFile; fileRef = 298EA3361ED33958006F7A14 /* Players.swift */; };
		298EA3391ED3736D006F7A14 /* TeamCell.swift in Sources */ = {isa = PBXBuildFile; fileRef = 298EA3381ED3736D006F7A14 /* TeamCell.swift */; };
		298EA33B1ED3DB06006F7A14 /* ForgotPasswordViewController.swift in Sources */ = {isa = PBXBuildFile; fileRef = 298EA33A1ED3DB06006F7A14 /* ForgotPasswordViewController.swift */; };
		29B4701B1ECCC987003BC32A /* ViewTeamAndFormationsViewController.swift in Sources */ = {isa = PBXBuildFile; fileRef = 29B4701A1ECCC987003BC32A /* ViewTeamAndFormationsViewController.swift */; };
		29B4701D1ECCDD06003BC32A /* FiveVFiveInterface.sks in Resources */ = {isa = PBXBuildFile; fileRef = 29B4701C1ECCDD06003BC32A /* FiveVFiveInterface.sks */; };
		29B4701F1ECCDF19003BC32A /* SevenVSevenInterface.sks in Resources */ = {isa = PBXBuildFile; fileRef = 29B4701E1ECCDF19003BC32A /* SevenVSevenInterface.sks */; };
		29B470211ECCE01F003BC32A /* NineVNineInterface.sks in Resources */ = {isa = PBXBuildFile; fileRef = 29B470201ECCE01F003BC32A /* NineVNineInterface.sks */; };
		29B470231ECCE070003BC32A /* ElevenVElevenInterface.sks in Resources */ = {isa = PBXBuildFile; fileRef = 29B470221ECCE070003BC32A /* ElevenVElevenInterface.sks */; };
		29B470251ECCE0C3003BC32A /* FiveVFiveInterface.swift in Sources */ = {isa = PBXBuildFile; fileRef = 29B470241ECCE0C3003BC32A /* FiveVFiveInterface.swift */; };
		29B470271ECCE0E1003BC32A /* SevenVSevenInterface.swift in Sources */ = {isa = PBXBuildFile; fileRef = 29B470261ECCE0E1003BC32A /* SevenVSevenInterface.swift */; };
		29B470291ECCE0FE003BC32A /* NineVNineInterface.swift in Sources */ = {isa = PBXBuildFile; fileRef = 29B470281ECCE0FE003BC32A /* NineVNineInterface.swift */; };
		29B4702B1ECCE13D003BC32A /* ElevenVElevenInterface.swift in Sources */ = {isa = PBXBuildFile; fileRef = 29B4702A1ECCE13D003BC32A /* ElevenVElevenInterface.swift */; };
		29B4702D1ECE038F003BC32A /* ViewTeamViewController.swift in Sources */ = {isa = PBXBuildFile; fileRef = 29B4702C1ECE038F003BC32A /* ViewTeamViewController.swift */; };
		29B4702F1ECE042E003BC32A /* FieldViewController.swift in Sources */ = {isa = PBXBuildFile; fileRef = 29B4702E1ECE042E003BC32A /* FieldViewController.swift */; };
		29BD53281ECB482E00E0824B /* CoachLoginViewController.swift in Sources */ = {isa = PBXBuildFile; fileRef = 29BD53271ECB482E00E0824B /* CoachLoginViewController.swift */; };
		29BD532A1ECB48AB00E0824B /* PlayerLoginViewController.swift in Sources */ = {isa = PBXBuildFile; fileRef = 29BD53291ECB48AB00E0824B /* PlayerLoginViewController.swift */; };
		29BD532C1ECB5C5900E0824B /* ConnectionTest.swift in Sources */ = {isa = PBXBuildFile; fileRef = 29BD532B1ECB5C5900E0824B /* ConnectionTest.swift */; };
		29BD532E1ECB77E400E0824B /* CreateAccountViewController.swift in Sources */ = {isa = PBXBuildFile; fileRef = 29BD532D1ECB77E300E0824B /* CreateAccountViewController.swift */; };
		29BD53301ECB79AD00E0824B /* SetFieldTypeViewController.swift in Sources */ = {isa = PBXBuildFile; fileRef = 29BD532F1ECB79AD00E0824B /* SetFieldTypeViewController.swift */; };
		29FABB3E1EC9FC1D008857E4 /* AppDelegate.swift in Sources */ = {isa = PBXBuildFile; fileRef = 29FABB3D1EC9FC1D008857E4 /* AppDelegate.swift */; };
		29FABB401EC9FC1D008857E4 /* ViewController.swift in Sources */ = {isa = PBXBuildFile; fileRef = 29FABB3F1EC9FC1D008857E4 /* ViewController.swift */; };
		29FABB431EC9FC1D008857E4 /* Main.storyboard in Resources */ = {isa = PBXBuildFile; fileRef = 29FABB411EC9FC1D008857E4 /* Main.storyboard */; };
		29FABB451EC9FC1E008857E4 /* Assets.xcassets in Resources */ = {isa = PBXBuildFile; fileRef = 29FABB441EC9FC1E008857E4 /* Assets.xcassets */; };
		29FABB481EC9FC1E008857E4 /* LaunchScreen.storyboard in Resources */ = {isa = PBXBuildFile; fileRef = 29FABB461EC9FC1E008857E4 /* LaunchScreen.storyboard */; };
		29FABB531EC9FC1E008857E4 /* EZCoachSoccerTests.swift in Sources */ = {isa = PBXBuildFile; fileRef = 29FABB521EC9FC1E008857E4 /* EZCoachSoccerTests.swift */; };
		29FABB5E1EC9FC1F008857E4 /* EZCoachSoccerUITests.swift in Sources */ = {isa = PBXBuildFile; fileRef = 29FABB5D1EC9FC1F008857E4 /* EZCoachSoccerUITests.swift */; };
		29FABB6C1ECA0133008857E4 /* GoogleService-Info.plist in Resources */ = {isa = PBXBuildFile; fileRef = 29FABB6B1ECA0133008857E4 /* GoogleService-Info.plist */; };
		EC9A8D21120B5571E08DC7D7 /* Pods_EZCoachSoccerUITests.framework in Frameworks */ = {isa = PBXBuildFile; fileRef = 54E0CD2DAF3579E788DDFB88 /* Pods_EZCoachSoccerUITests.framework */; };
		EDF16A34F7E521308D5E38F3 /* Pods_EZCoachSoccer.framework in Frameworks */ = {isa = PBXBuildFile; fileRef = 9E00CD9481048F253CC8F4DC /* Pods_EZCoachSoccer.framework */; };
		FA83FD6C511ABF6CB69B9154 /* Pods_EZCoachSoccerTests.framework in Frameworks */ = {isa = PBXBuildFile; fileRef = 156563835E128CD7B95E91A2 /* Pods_EZCoachSoccerTests.framework */; };
/* End PBXBuildFile section */

/* Begin PBXContainerItemProxy section */
		29FABB4F1EC9FC1E008857E4 /* PBXContainerItemProxy */ = {
			isa = PBXContainerItemProxy;
			containerPortal = 29FABB321EC9FC1D008857E4 /* Project object */;
			proxyType = 1;
			remoteGlobalIDString = 29FABB391EC9FC1D008857E4;
			remoteInfo = EZCoachSoccer;
		};
		29FABB5A1EC9FC1E008857E4 /* PBXContainerItemProxy */ = {
			isa = PBXContainerItemProxy;
			containerPortal = 29FABB321EC9FC1D008857E4 /* Project object */;
			proxyType = 1;
			remoteGlobalIDString = 29FABB391EC9FC1D008857E4;
			remoteInfo = EZCoachSoccer;
		};
/* End PBXContainerItemProxy section */

/* Begin PBXFileReference section */
		156563835E128CD7B95E91A2 /* Pods_EZCoachSoccerTests.framework */ = {isa = PBXFileReference; explicitFileType = wrapper.framework; includeInIndex = 0; path = Pods_EZCoachSoccerTests.framework; sourceTree = BUILT_PRODUCTS_DIR; };
		20E9E5F430CE210E68D20BFF /* Pods-EZCoachSoccerTests.debug.xcconfig */ = {isa = PBXFileReference; includeInIndex = 1; lastKnownFileType = text.xcconfig; name = "Pods-EZCoachSoccerTests.debug.xcconfig"; path = "Pods/Target Support Files/Pods-EZCoachSoccerTests/Pods-EZCoachSoccerTests.debug.xcconfig"; sourceTree = "<group>"; };
		22BE2832CEBB169FED9D6CE5 /* Pods-EZCoachSoccerUITests.debug.xcconfig */ = {isa = PBXFileReference; includeInIndex = 1; lastKnownFileType = text.xcconfig; name = "Pods-EZCoachSoccerUITests.debug.xcconfig"; path = "Pods/Target Support Files/Pods-EZCoachSoccerUITests/Pods-EZCoachSoccerUITests.debug.xcconfig"; sourceTree = "<group>"; };
		298EA3321ED0DA84006F7A14 /* SetTeamIDViewController.swift */ = {isa = PBXFileReference; fileEncoding = 4; lastKnownFileType = sourcecode.swift; path = SetTeamIDViewController.swift; sourceTree = "<group>"; };
		298EA3341ED3370C006F7A14 /* AddPlayerViewController.swift */ = {isa = PBXFileReference; fileEncoding = 4; lastKnownFileType = sourcecode.swift; path = AddPlayerViewController.swift; sourceTree = "<group>"; };
		298EA3361ED33958006F7A14 /* Players.swift */ = {isa = PBXFileReference; fileEncoding = 4; lastKnownFileType = sourcecode.swift; path = Players.swift; sourceTree = "<group>"; };
		298EA3381ED3736D006F7A14 /* TeamCell.swift */ = {isa = PBXFileReference; fileEncoding = 4; lastKnownFileType = sourcecode.swift; path = TeamCell.swift; sourceTree = "<group>"; };
		298EA33A1ED3DB06006F7A14 /* ForgotPasswordViewController.swift */ = {isa = PBXFileReference; fileEncoding = 4; lastKnownFileType = sourcecode.swift; path = ForgotPasswordViewController.swift; sourceTree = "<group>"; };
		29B4701A1ECCC987003BC32A /* ViewTeamAndFormationsViewController.swift */ = {isa = PBXFileReference; fileEncoding = 4; lastKnownFileType = sourcecode.swift; path = ViewTeamAndFormationsViewController.swift; sourceTree = "<group>"; };
		29B4701C1ECCDD06003BC32A /* FiveVFiveInterface.sks */ = {isa = PBXFileReference; lastKnownFileType = file.sks; path = FiveVFiveInterface.sks; sourceTree = "<group>"; };
		29B4701E1ECCDF19003BC32A /* SevenVSevenInterface.sks */ = {isa = PBXFileReference; lastKnownFileType = file.sks; path = SevenVSevenInterface.sks; sourceTree = "<group>"; };
		29B470201ECCE01F003BC32A /* NineVNineInterface.sks */ = {isa = PBXFileReference; lastKnownFileType = file.sks; path = NineVNineInterface.sks; sourceTree = "<group>"; };
		29B470221ECCE070003BC32A /* ElevenVElevenInterface.sks */ = {isa = PBXFileReference; lastKnownFileType = file.sks; path = ElevenVElevenInterface.sks; sourceTree = "<group>"; };
		29B470241ECCE0C3003BC32A /* FiveVFiveInterface.swift */ = {isa = PBXFileReference; fileEncoding = 4; lastKnownFileType = sourcecode.swift; path = FiveVFiveInterface.swift; sourceTree = "<group>"; };
		29B470261ECCE0E1003BC32A /* SevenVSevenInterface.swift */ = {isa = PBXFileReference; fileEncoding = 4; lastKnownFileType = sourcecode.swift; path = SevenVSevenInterface.swift; sourceTree = "<group>"; };
		29B470281ECCE0FE003BC32A /* NineVNineInterface.swift */ = {isa = PBXFileReference; fileEncoding = 4; lastKnownFileType = sourcecode.swift; path = NineVNineInterface.swift; sourceTree = "<group>"; };
		29B4702A1ECCE13D003BC32A /* ElevenVElevenInterface.swift */ = {isa = PBXFileReference; fileEncoding = 4; lastKnownFileType = sourcecode.swift; path = ElevenVElevenInterface.swift; sourceTree = "<group>"; };
		29B4702C1ECE038F003BC32A /* ViewTeamViewController.swift */ = {isa = PBXFileReference; fileEncoding = 4; lastKnownFileType = sourcecode.swift; path = ViewTeamViewController.swift; sourceTree = "<group>"; };
		29B4702E1ECE042E003BC32A /* FieldViewController.swift */ = {isa = PBXFileReference; fileEncoding = 4; lastKnownFileType = sourcecode.swift; path = FieldViewController.swift; sourceTree = "<group>"; };
		29BD53271ECB482E00E0824B /* CoachLoginViewController.swift */ = {isa = PBXFileReference; fileEncoding = 4; lastKnownFileType = sourcecode.swift; path = CoachLoginViewController.swift; sourceTree = "<group>"; };
		29BD53291ECB48AB00E0824B /* PlayerLoginViewController.swift */ = {isa = PBXFileReference; fileEncoding = 4; lastKnownFileType = sourcecode.swift; path = PlayerLoginViewController.swift; sourceTree = "<group>"; };
		29BD532B1ECB5C5900E0824B /* ConnectionTest.swift */ = {isa = PBXFileReference; fileEncoding = 4; lastKnownFileType = sourcecode.swift; path = ConnectionTest.swift; sourceTree = "<group>"; };
		29BD532D1ECB77E300E0824B /* CreateAccountViewController.swift */ = {isa = PBXFileReference; fileEncoding = 4; lastKnownFileType = sourcecode.swift; path = CreateAccountViewController.swift; sourceTree = "<group>"; };
		29BD532F1ECB79AD00E0824B /* SetFieldTypeViewController.swift */ = {isa = PBXFileReference; fileEncoding = 4; lastKnownFileType = sourcecode.swift; path = SetFieldTypeViewController.swift; sourceTree = "<group>"; };
		29BD53311ECB86CB00E0824B /* EZCoachSoccer.entitlements */ = {isa = PBXFileReference; lastKnownFileType = text.plist.entitlements; path = EZCoachSoccer.entitlements; sourceTree = "<group>"; };
		29FABB3A1EC9FC1D008857E4 /* EZCoachSoccer.app */ = {isa = PBXFileReference; explicitFileType = wrapper.application; includeInIndex = 0; path = EZCoachSoccer.app; sourceTree = BUILT_PRODUCTS_DIR; };
		29FABB3D1EC9FC1D008857E4 /* AppDelegate.swift */ = {isa = PBXFileReference; lastKnownFileType = sourcecode.swift; path = AppDelegate.swift; sourceTree = "<group>"; };
		29FABB3F1EC9FC1D008857E4 /* ViewController.swift */ = {isa = PBXFileReference; lastKnownFileType = sourcecode.swift; path = ViewController.swift; sourceTree = "<group>"; };
		29FABB421EC9FC1D008857E4 /* Base */ = {isa = PBXFileReference; lastKnownFileType = file.storyboard; name = Base; path = Base.lproj/Main.storyboard; sourceTree = "<group>"; };
		29FABB441EC9FC1E008857E4 /* Assets.xcassets */ = {isa = PBXFileReference; lastKnownFileType = folder.assetcatalog; path = Assets.xcassets; sourceTree = "<group>"; };
		29FABB471EC9FC1E008857E4 /* Base */ = {isa = PBXFileReference; lastKnownFileType = file.storyboard; name = Base; path = Base.lproj/LaunchScreen.storyboard; sourceTree = "<group>"; };
		29FABB491EC9FC1E008857E4 /* Info.plist */ = {isa = PBXFileReference; lastKnownFileType = text.plist.xml; path = Info.plist; sourceTree = "<group>"; };
		29FABB4E1EC9FC1E008857E4 /* EZCoachSoccerTests.xctest */ = {isa = PBXFileReference; explicitFileType = wrapper.cfbundle; includeInIndex = 0; path = EZCoachSoccerTests.xctest; sourceTree = BUILT_PRODUCTS_DIR; };
		29FABB521EC9FC1E008857E4 /* EZCoachSoccerTests.swift */ = {isa = PBXFileReference; lastKnownFileType = sourcecode.swift; path = EZCoachSoccerTests.swift; sourceTree = "<group>"; };
		29FABB541EC9FC1E008857E4 /* Info.plist */ = {isa = PBXFileReference; lastKnownFileType = text.plist.xml; path = Info.plist; sourceTree = "<group>"; };
		29FABB591EC9FC1E008857E4 /* EZCoachSoccerUITests.xctest */ = {isa = PBXFileReference; explicitFileType = wrapper.cfbundle; includeInIndex = 0; path = EZCoachSoccerUITests.xctest; sourceTree = BUILT_PRODUCTS_DIR; };
		29FABB5D1EC9FC1F008857E4 /* EZCoachSoccerUITests.swift */ = {isa = PBXFileReference; lastKnownFileType = sourcecode.swift; path = EZCoachSoccerUITests.swift; sourceTree = "<group>"; };
		29FABB5F1EC9FC1F008857E4 /* Info.plist */ = {isa = PBXFileReference; lastKnownFileType = text.plist.xml; path = Info.plist; sourceTree = "<group>"; };
		29FABB6B1ECA0133008857E4 /* GoogleService-Info.plist */ = {isa = PBXFileReference; fileEncoding = 4; lastKnownFileType = text.plist.xml; path = "GoogleService-Info.plist"; sourceTree = "<group>"; };
		54E0CD2DAF3579E788DDFB88 /* Pods_EZCoachSoccerUITests.framework */ = {isa = PBXFileReference; explicitFileType = wrapper.framework; includeInIndex = 0; path = Pods_EZCoachSoccerUITests.framework; sourceTree = BUILT_PRODUCTS_DIR; };
		6AF7D335885C4614B4ACAC5C /* Pods-EZCoachSoccerTests.release.xcconfig */ = {isa = PBXFileReference; includeInIndex = 1; lastKnownFileType = text.xcconfig; name = "Pods-EZCoachSoccerTests.release.xcconfig"; path = "Pods/Target Support Files/Pods-EZCoachSoccerTests/Pods-EZCoachSoccerTests.release.xcconfig"; sourceTree = "<group>"; };
		9E00CD9481048F253CC8F4DC /* Pods_EZCoachSoccer.framework */ = {isa = PBXFileReference; explicitFileType = wrapper.framework; includeInIndex = 0; path = Pods_EZCoachSoccer.framework; sourceTree = BUILT_PRODUCTS_DIR; };
		E3BFEB194771CAB68D13AA43 /* Pods-EZCoachSoccer.release.xcconfig */ = {isa = PBXFileReference; includeInIndex = 1; lastKnownFileType = text.xcconfig; name = "Pods-EZCoachSoccer.release.xcconfig"; path = "Pods/Target Support Files/Pods-EZCoachSoccer/Pods-EZCoachSoccer.release.xcconfig"; sourceTree = "<group>"; };
		F4B37F6980C2D29421278F82 /* Pods-EZCoachSoccerUITests.release.xcconfig */ = {isa = PBXFileReference; includeInIndex = 1; lastKnownFileType = text.xcconfig; name = "Pods-EZCoachSoccerUITests.release.xcconfig"; path = "Pods/Target Support Files/Pods-EZCoachSoccerUITests/Pods-EZCoachSoccerUITests.release.xcconfig"; sourceTree = "<group>"; };
		FD52059907697E1F33402BC3 /* Pods-EZCoachSoccer.debug.xcconfig */ = {isa = PBXFileReference; includeInIndex = 1; lastKnownFileType = text.xcconfig; name = "Pods-EZCoachSoccer.debug.xcconfig"; path = "Pods/Target Support Files/Pods-EZCoachSoccer/Pods-EZCoachSoccer.debug.xcconfig"; sourceTree = "<group>"; };
/* End PBXFileReference section */

/* Begin PBXFrameworksBuildPhase section */
		29FABB371EC9FC1D008857E4 /* Frameworks */ = {
			isa = PBXFrameworksBuildPhase;
			buildActionMask = 2147483647;
			files = (
				EDF16A34F7E521308D5E38F3 /* Pods_EZCoachSoccer.framework in Frameworks */,
			);
			runOnlyForDeploymentPostprocessing = 0;
		};
		29FABB4B1EC9FC1E008857E4 /* Frameworks */ = {
			isa = PBXFrameworksBuildPhase;
			buildActionMask = 2147483647;
			files = (
				FA83FD6C511ABF6CB69B9154 /* Pods_EZCoachSoccerTests.framework in Frameworks */,
			);
			runOnlyForDeploymentPostprocessing = 0;
		};
		29FABB561EC9FC1E008857E4 /* Frameworks */ = {
			isa = PBXFrameworksBuildPhase;
			buildActionMask = 2147483647;
			files = (
				EC9A8D21120B5571E08DC7D7 /* Pods_EZCoachSoccerUITests.framework in Frameworks */,
			);
			runOnlyForDeploymentPostprocessing = 0;
		};
/* End PBXFrameworksBuildPhase section */

/* Begin PBXGroup section */
		29FABB311EC9FC1D008857E4 = {
			isa = PBXGroup;
			children = (
				29FABB3C1EC9FC1D008857E4 /* EZCoachSoccer */,
				29FABB511EC9FC1E008857E4 /* EZCoachSoccerTests */,
				29FABB5C1EC9FC1E008857E4 /* EZCoachSoccerUITests */,
				29FABB3B1EC9FC1D008857E4 /* Products */,
				5DF370D67BE7FCD1BB64B83D /* Pods */,
				394DDD573267C601BDEE1AE8 /* Frameworks */,
			);
			sourceTree = "<group>";
		};
		29FABB3B1EC9FC1D008857E4 /* Products */ = {
			isa = PBXGroup;
			children = (
				29FABB3A1EC9FC1D008857E4 /* EZCoachSoccer.app */,
				29FABB4E1EC9FC1E008857E4 /* EZCoachSoccerTests.xctest */,
				29FABB591EC9FC1E008857E4 /* EZCoachSoccerUITests.xctest */,
			);
			name = Products;
			sourceTree = "<group>";
		};
		29FABB3C1EC9FC1D008857E4 /* EZCoachSoccer */ = {
			isa = PBXGroup;
			children = (
				29BD53311ECB86CB00E0824B /* EZCoachSoccer.entitlements */,
				29FABB3D1EC9FC1D008857E4 /* AppDelegate.swift */,
				29FABB3F1EC9FC1D008857E4 /* ViewController.swift */,
				29FABB411EC9FC1D008857E4 /* Main.storyboard */,
				29FABB441EC9FC1E008857E4 /* Assets.xcassets */,
				29FABB461EC9FC1E008857E4 /* LaunchScreen.storyboard */,
				29FABB6B1ECA0133008857E4 /* GoogleService-Info.plist */,
				29FABB491EC9FC1E008857E4 /* Info.plist */,
				29BD53271ECB482E00E0824B /* CoachLoginViewController.swift */,
				29BD53291ECB48AB00E0824B /* PlayerLoginViewController.swift */,
				29BD532B1ECB5C5900E0824B /* ConnectionTest.swift */,
				29BD532D1ECB77E300E0824B /* CreateAccountViewController.swift */,
				29BD532F1ECB79AD00E0824B /* SetFieldTypeViewController.swift */,
				29B4701A1ECCC987003BC32A /* ViewTeamAndFormationsViewController.swift */,
				29B4701C1ECCDD06003BC32A /* FiveVFiveInterface.sks */,
				29B4701E1ECCDF19003BC32A /* SevenVSevenInterface.sks */,
				29B470201ECCE01F003BC32A /* NineVNineInterface.sks */,
				29B470221ECCE070003BC32A /* ElevenVElevenInterface.sks */,
				29B470241ECCE0C3003BC32A /* FiveVFiveInterface.swift */,
				29B470261ECCE0E1003BC32A /* SevenVSevenInterface.swift */,
				29B470281ECCE0FE003BC32A /* NineVNineInterface.swift */,
				29B4702A1ECCE13D003BC32A /* ElevenVElevenInterface.swift */,
				29B4702C1ECE038F003BC32A /* ViewTeamViewController.swift */,
				29B4702E1ECE042E003BC32A /* FieldViewController.swift */,
				298EA3321ED0DA84006F7A14 /* SetTeamIDViewController.swift */,
				298EA3341ED3370C006F7A14 /* AddPlayerViewController.swift */,
				298EA3361ED33958006F7A14 /* Players.swift */,
				298EA3381ED3736D006F7A14 /* TeamCell.swift */,
				298EA33A1ED3DB06006F7A14 /* ForgotPasswordViewController.swift */,
			);
			path = EZCoachSoccer;
			sourceTree = "<group>";
		};
		29FABB511EC9FC1E008857E4 /* EZCoachSoccerTests */ = {
			isa = PBXGroup;
			children = (
				29FABB521EC9FC1E008857E4 /* EZCoachSoccerTests.swift */,
				29FABB541EC9FC1E008857E4 /* Info.plist */,
			);
			path = EZCoachSoccerTests;
			sourceTree = "<group>";
		};
		29FABB5C1EC9FC1E008857E4 /* EZCoachSoccerUITests */ = {
			isa = PBXGroup;
			children = (
				29FABB5D1EC9FC1F008857E4 /* EZCoachSoccerUITests.swift */,
				29FABB5F1EC9FC1F008857E4 /* Info.plist */,
			);
			path = EZCoachSoccerUITests;
			sourceTree = "<group>";
		};
		394DDD573267C601BDEE1AE8 /* Frameworks */ = {
			isa = PBXGroup;
			children = (
				9E00CD9481048F253CC8F4DC /* Pods_EZCoachSoccer.framework */,
				156563835E128CD7B95E91A2 /* Pods_EZCoachSoccerTests.framework */,
				54E0CD2DAF3579E788DDFB88 /* Pods_EZCoachSoccerUITests.framework */,
			);
			name = Frameworks;
			sourceTree = "<group>";
		};
		5DF370D67BE7FCD1BB64B83D /* Pods */ = {
			isa = PBXGroup;
			children = (
				FD52059907697E1F33402BC3 /* Pods-EZCoachSoccer.debug.xcconfig */,
				E3BFEB194771CAB68D13AA43 /* Pods-EZCoachSoccer.release.xcconfig */,
				20E9E5F430CE210E68D20BFF /* Pods-EZCoachSoccerTests.debug.xcconfig */,
				6AF7D335885C4614B4ACAC5C /* Pods-EZCoachSoccerTests.release.xcconfig */,
				22BE2832CEBB169FED9D6CE5 /* Pods-EZCoachSoccerUITests.debug.xcconfig */,
				F4B37F6980C2D29421278F82 /* Pods-EZCoachSoccerUITests.release.xcconfig */,
			);
			name = Pods;
			sourceTree = "<group>";
		};
/* End PBXGroup section */

/* Begin PBXNativeTarget section */
		29FABB391EC9FC1D008857E4 /* EZCoachSoccer */ = {
			isa = PBXNativeTarget;
			buildConfigurationList = 29FABB621EC9FC1F008857E4 /* Build configuration list for PBXNativeTarget "EZCoachSoccer" */;
			buildPhases = (
				E23EE36F7175840D6F88E4E6 /* [CP] Check Pods Manifest.lock */,
				29FABB361EC9FC1D008857E4 /* Sources */,
				29FABB371EC9FC1D008857E4 /* Frameworks */,
				29FABB381EC9FC1D008857E4 /* Resources */,
				48B24E32C80A6D638CA15B60 /* [CP] Embed Pods Frameworks */,
				5F69D047A0CD59B97C9B2034 /* [CP] Copy Pods Resources */,
			);
			buildRules = (
			);
			dependencies = (
			);
			name = EZCoachSoccer;
			productName = EZCoachSoccer;
			productReference = 29FABB3A1EC9FC1D008857E4 /* EZCoachSoccer.app */;
			productType = "com.apple.product-type.application";
		};
		29FABB4D1EC9FC1E008857E4 /* EZCoachSoccerTests */ = {
			isa = PBXNativeTarget;
			buildConfigurationList = 29FABB651EC9FC1F008857E4 /* Build configuration list for PBXNativeTarget "EZCoachSoccerTests" */;
			buildPhases = (
				C832D6758219B18DF20AEA2E /* [CP] Check Pods Manifest.lock */,
				29FABB4A1EC9FC1E008857E4 /* Sources */,
				29FABB4B1EC9FC1E008857E4 /* Frameworks */,
				29FABB4C1EC9FC1E008857E4 /* Resources */,
				6DF1D99E2FF91A9C1A36BE5E /* [CP] Embed Pods Frameworks */,
				FA83D053E65D0144A7A4D34F /* [CP] Copy Pods Resources */,
			);
			buildRules = (
			);
			dependencies = (
				29FABB501EC9FC1E008857E4 /* PBXTargetDependency */,
			);
			name = EZCoachSoccerTests;
			productName = EZCoachSoccerTests;
			productReference = 29FABB4E1EC9FC1E008857E4 /* EZCoachSoccerTests.xctest */;
			productType = "com.apple.product-type.bundle.unit-test";
		};
		29FABB581EC9FC1E008857E4 /* EZCoachSoccerUITests */ = {
			isa = PBXNativeTarget;
			buildConfigurationList = 29FABB681EC9FC1F008857E4 /* Build configuration list for PBXNativeTarget "EZCoachSoccerUITests" */;
			buildPhases = (
				78BF7EB3C22D2A9EAA0975B2 /* [CP] Check Pods Manifest.lock */,
				29FABB551EC9FC1E008857E4 /* Sources */,
				29FABB561EC9FC1E008857E4 /* Frameworks */,
				29FABB571EC9FC1E008857E4 /* Resources */,
				5C518FBD305AC669C0A20090 /* [CP] Embed Pods Frameworks */,
				DCEFE1F6430277F2196C0CEF /* [CP] Copy Pods Resources */,
			);
			buildRules = (
			);
			dependencies = (
				29FABB5B1EC9FC1E008857E4 /* PBXTargetDependency */,
			);
			name = EZCoachSoccerUITests;
			productName = EZCoachSoccerUITests;
			productReference = 29FABB591EC9FC1E008857E4 /* EZCoachSoccerUITests.xctest */;
			productType = "com.apple.product-type.bundle.ui-testing";
		};
/* End PBXNativeTarget section */

/* Begin PBXProject section */
		29FABB321EC9FC1D008857E4 /* Project object */ = {
			isa = PBXProject;
			attributes = {
				LastSwiftUpdateCheck = 0830;
				LastUpgradeCheck = 0830;
				ORGANIZATIONNAME = "Daniel Mackay";
				TargetAttributes = {
					29FABB391EC9FC1D008857E4 = {
						CreatedOnToolsVersion = 8.3.2;
						DevelopmentTeam = AYWS6MV5C6;
						ProvisioningStyle = Automatic;
						SystemCapabilities = {
							com.apple.Keychain = {
								enabled = 1;
							};
						};
					};
					29FABB4D1EC9FC1E008857E4 = {
						CreatedOnToolsVersion = 8.3.2;
						DevelopmentTeam = AYWS6MV5C6;
						ProvisioningStyle = Automatic;
						TestTargetID = 29FABB391EC9FC1D008857E4;
					};
					29FABB581EC9FC1E008857E4 = {
						CreatedOnToolsVersion = 8.3.2;
						DevelopmentTeam = AYWS6MV5C6;
						ProvisioningStyle = Automatic;
						TestTargetID = 29FABB391EC9FC1D008857E4;
					};
				};
			};
			buildConfigurationList = 29FABB351EC9FC1D008857E4 /* Build configuration list for PBXProject "EZCoachSoccer" */;
			compatibilityVersion = "Xcode 3.2";
			developmentRegion = English;
			hasScannedForEncodings = 0;
			knownRegions = (
				en,
				Base,
			);
			mainGroup = 29FABB311EC9FC1D008857E4;
			productRefGroup = 29FABB3B1EC9FC1D008857E4 /* Products */;
			projectDirPath = "";
			projectRoot = "";
			targets = (
				29FABB391EC9FC1D008857E4 /* EZCoachSoccer */,
				29FABB4D1EC9FC1E008857E4 /* EZCoachSoccerTests */,
				29FABB581EC9FC1E008857E4 /* EZCoachSoccerUITests */,
			);
		};
/* End PBXProject section */

/* Begin PBXResourcesBuildPhase section */
		29FABB381EC9FC1D008857E4 /* Resources */ = {
			isa = PBXResourcesBuildPhase;
			buildActionMask = 2147483647;
			files = (
				29B4701F1ECCDF19003BC32A /* SevenVSevenInterface.sks in Resources */,
				29FABB481EC9FC1E008857E4 /* LaunchScreen.storyboard in Resources */,
				29FABB6C1ECA0133008857E4 /* GoogleService-Info.plist in Resources */,
				29B470211ECCE01F003BC32A /* NineVNineInterface.sks in Resources */,
				29FABB451EC9FC1E008857E4 /* Assets.xcassets in Resources */,
				29B4701D1ECCDD06003BC32A /* FiveVFiveInterface.sks in Resources */,
				29B470231ECCE070003BC32A /* ElevenVElevenInterface.sks in Resources */,
				29FABB431EC9FC1D008857E4 /* Main.storyboard in Resources */,
			);
			runOnlyForDeploymentPostprocessing = 0;
		};
		29FABB4C1EC9FC1E008857E4 /* Resources */ = {
			isa = PBXResourcesBuildPhase;
			buildActionMask = 2147483647;
			files = (
			);
			runOnlyForDeploymentPostprocessing = 0;
		};
		29FABB571EC9FC1E008857E4 /* Resources */ = {
			isa = PBXResourcesBuildPhase;
			buildActionMask = 2147483647;
			files = (
			);
			runOnlyForDeploymentPostprocessing = 0;
		};
/* End PBXResourcesBuildPhase section */

/* Begin PBXShellScriptBuildPhase section */
		48B24E32C80A6D638CA15B60 /* [CP] Embed Pods Frameworks */ = {
			isa = PBXShellScriptBuildPhase;
			buildActionMask = 2147483647;
			files = (
			);
			inputPaths = (
			);
			name = "[CP] Embed Pods Frameworks";
			outputPaths = (
			);
			runOnlyForDeploymentPostprocessing = 0;
			shellPath = /bin/sh;
			shellScript = "\"${SRCROOT}/Pods/Target Support Files/Pods-EZCoachSoccer/Pods-EZCoachSoccer-frameworks.sh\"\n";
			showEnvVarsInLog = 0;
		};
		5C518FBD305AC669C0A20090 /* [CP] Embed Pods Frameworks */ = {
			isa = PBXShellScriptBuildPhase;
			buildActionMask = 2147483647;
			files = (
			);
			inputPaths = (
			);
			name = "[CP] Embed Pods Frameworks";
			outputPaths = (
			);
			runOnlyForDeploymentPostprocessing = 0;
			shellPath = /bin/sh;
			shellScript = "\"${SRCROOT}/Pods/Target Support Files/Pods-EZCoachSoccerUITests/Pods-EZCoachSoccerUITests-frameworks.sh\"\n";
			showEnvVarsInLog = 0;
		};
		5F69D047A0CD59B97C9B2034 /* [CP] Copy Pods Resources */ = {
			isa = PBXShellScriptBuildPhase;
			buildActionMask = 2147483647;
			files = (
			);
			inputPaths = (
			);
			name = "[CP] Copy Pods Resources";
			outputPaths = (
			);
			runOnlyForDeploymentPostprocessing = 0;
			shellPath = /bin/sh;
			shellScript = "\"${SRCROOT}/Pods/Target Support Files/Pods-EZCoachSoccer/Pods-EZCoachSoccer-resources.sh\"\n";
			showEnvVarsInLog = 0;
		};
		6DF1D99E2FF91A9C1A36BE5E /* [CP] Embed Pods Frameworks */ = {
			isa = PBXShellScriptBuildPhase;
			buildActionMask = 2147483647;
			files = (
			);
			inputPaths = (
			);
			name = "[CP] Embed Pods Frameworks";
			outputPaths = (
			);
			runOnlyForDeploymentPostprocessing = 0;
			shellPath = /bin/sh;
			shellScript = "\"${SRCROOT}/Pods/Target Support Files/Pods-EZCoachSoccerTests/Pods-EZCoachSoccerTests-frameworks.sh\"\n";
			showEnvVarsInLog = 0;
		};
		78BF7EB3C22D2A9EAA0975B2 /* [CP] Check Pods Manifest.lock */ = {
			isa = PBXShellScriptBuildPhase;
			buildActionMask = 2147483647;
			files = (
			);
			inputPaths = (
			);
			name = "[CP] Check Pods Manifest.lock";
			outputPaths = (
			);
			runOnlyForDeploymentPostprocessing = 0;
			shellPath = /bin/sh;
			shellScript = "diff \"${PODS_PODFILE_DIR_PATH}/Podfile.lock\" \"${PODS_ROOT}/Manifest.lock\" > /dev/null\nif [ $? != 0 ] ; then\n    # print error to STDERR\n    echo \"error: The sandbox is not in sync with the Podfile.lock. Run 'pod install' or update your CocoaPods installation.\" >&2\n    exit 1\nfi\n";
			showEnvVarsInLog = 0;
		};
		C832D6758219B18DF20AEA2E /* [CP] Check Pods Manifest.lock */ = {
			isa = PBXShellScriptBuildPhase;
			buildActionMask = 2147483647;
			files = (
			);
			inputPaths = (
			);
			name = "[CP] Check Pods Manifest.lock";
			outputPaths = (
			);
			runOnlyForDeploymentPostprocessing = 0;
			shellPath = /bin/sh;
			shellScript = "diff \"${PODS_PODFILE_DIR_PATH}/Podfile.lock\" \"${PODS_ROOT}/Manifest.lock\" > /dev/null\nif [ $? != 0 ] ; then\n    # print error to STDERR\n    echo \"error: The sandbox is not in sync with the Podfile.lock. Run 'pod install' or update your CocoaPods installation.\" >&2\n    exit 1\nfi\n";
			showEnvVarsInLog = 0;
		};
		DCEFE1F6430277F2196C0CEF /* [CP] Copy Pods Resources */ = {
			isa = PBXShellScriptBuildPhase;
			buildActionMask = 2147483647;
			files = (
			);
			inputPaths = (
			);
			name = "[CP] Copy Pods Resources";
			outputPaths = (
			);
			runOnlyForDeploymentPostprocessing = 0;
			shellPath = /bin/sh;
			shellScript = "\"${SRCROOT}/Pods/Target Support Files/Pods-EZCoachSoccerUITests/Pods-EZCoachSoccerUITests-resources.sh\"\n";
			showEnvVarsInLog = 0;
		};
		E23EE36F7175840D6F88E4E6 /* [CP] Check Pods Manifest.lock */ = {
			isa = PBXShellScriptBuildPhase;
			buildActionMask = 2147483647;
			files = (
			);
			inputPaths = (
			);
			name = "[CP] Check Pods Manifest.lock";
			outputPaths = (
			);
			runOnlyForDeploymentPostprocessing = 0;
			shellPath = /bin/sh;
			shellScript = "diff \"${PODS_PODFILE_DIR_PATH}/Podfile.lock\" \"${PODS_ROOT}/Manifest.lock\" > /dev/null\nif [ $? != 0 ] ; then\n    # print error to STDERR\n    echo \"error: The sandbox is not in sync with the Podfile.lock. Run 'pod install' or update your CocoaPods installation.\" >&2\n    exit 1\nfi\n";
			showEnvVarsInLog = 0;
		};
		FA83D053E65D0144A7A4D34F /* [CP] Copy Pods Resources */ = {
			isa = PBXShellScriptBuildPhase;
			buildActionMask = 2147483647;
			files = (
			);
			inputPaths = (
			);
			name = "[CP] Copy Pods Resources";
			outputPaths = (
			);
			runOnlyForDeploymentPostprocessing = 0;
			shellPath = /bin/sh;
			shellScript = "\"${SRCROOT}/Pods/Target Support Files/Pods-EZCoachSoccerTests/Pods-EZCoachSoccerTests-resources.sh\"\n";
			showEnvVarsInLog = 0;
		};
/* End PBXShellScriptBuildPhase section */

/* Begin PBXSourcesBuildPhase section */
		29FABB361EC9FC1D008857E4 /* Sources */ = {
			isa = PBXSourcesBuildPhase;
			buildActionMask = 2147483647;
			files = (
				29B470291ECCE0FE003BC32A /* NineVNineInterface.swift in Sources */,
				29BD532E1ECB77E400E0824B /* CreateAccountViewController.swift in Sources */,
				298EA3331ED0DA84006F7A14 /* SetTeamIDViewController.swift in Sources */,
				29BD53301ECB79AD00E0824B /* SetFieldTypeViewController.swift in Sources */,
				29B470271ECCE0E1003BC32A /* SevenVSevenInterface.swift in Sources */,
				29B4702D1ECE038F003BC32A /* ViewTeamViewController.swift in Sources */,
				29B4701B1ECCC987003BC32A /* ViewTeamAndFormationsViewController.swift in Sources */,
				298EA33B1ED3DB06006F7A14 /* ForgotPasswordViewController.swift in Sources */,
				298EA3371ED33958006F7A14 /* Players.swift in Sources */,
				298EA3391ED3736D006F7A14 /* TeamCell.swift in Sources */,
				29FABB401EC9FC1D008857E4 /* ViewController.swift in Sources */,
				29B4702F1ECE042E003BC32A /* FieldViewController.swift in Sources */,
				29BD532C1ECB5C5900E0824B /* ConnectionTest.swift in Sources */,
				29B470251ECCE0C3003BC32A /* FiveVFiveInterface.swift in Sources */,
				29B4702B1ECCE13D003BC32A /* ElevenVElevenInterface.swift in Sources */,
				29FABB3E1EC9FC1D008857E4 /* AppDelegate.swift in Sources */,
				298EA3351ED3370C006F7A14 /* AddPlayerViewController.swift in Sources */,
				29BD53281ECB482E00E0824B /* CoachLoginViewController.swift in Sources */,
				29BD532A1ECB48AB00E0824B /* PlayerLoginViewController.swift in Sources */,
			);
			runOnlyForDeploymentPostprocessing = 0;
		};
		29FABB4A1EC9FC1E008857E4 /* Sources */ = {
			isa = PBXSourcesBuildPhase;
			buildActionMask = 2147483647;
			files = (
				29FABB531EC9FC1E008857E4 /* EZCoachSoccerTests.swift in Sources */,
			);
			runOnlyForDeploymentPostprocessing = 0;
		};
		29FABB551EC9FC1E008857E4 /* Sources */ = {
			isa = PBXSourcesBuildPhase;
			buildActionMask = 2147483647;
			files = (
				29FABB5E1EC9FC1F008857E4 /* EZCoachSoccerUITests.swift in Sources */,
			);
			runOnlyForDeploymentPostprocessing = 0;
		};
/* End PBXSourcesBuildPhase section */

/* Begin PBXTargetDependency section */
		29FABB501EC9FC1E008857E4 /* PBXTargetDependency */ = {
			isa = PBXTargetDependency;
			target = 29FABB391EC9FC1D008857E4 /* EZCoachSoccer */;
			targetProxy = 29FABB4F1EC9FC1E008857E4 /* PBXContainerItemProxy */;
		};
		29FABB5B1EC9FC1E008857E4 /* PBXTargetDependency */ = {
			isa = PBXTargetDependency;
			target = 29FABB391EC9FC1D008857E4 /* EZCoachSoccer */;
			targetProxy = 29FABB5A1EC9FC1E008857E4 /* PBXContainerItemProxy */;
		};
/* End PBXTargetDependency section */

/* Begin PBXVariantGroup section */
		29FABB411EC9FC1D008857E4 /* Main.storyboard */ = {
			isa = PBXVariantGroup;
			children = (
				29FABB421EC9FC1D008857E4 /* Base */,
			);
			name = Main.storyboard;
			sourceTree = "<group>";
		};
		29FABB461EC9FC1E008857E4 /* LaunchScreen.storyboard */ = {
			isa = PBXVariantGroup;
			children = (
				29FABB471EC9FC1E008857E4 /* Base */,
			);
			name = LaunchScreen.storyboard;
			sourceTree = "<group>";
		};
/* End PBXVariantGroup section */

/* Begin XCBuildConfiguration section */
		29FABB601EC9FC1F008857E4 /* Debug */ = {
			isa = XCBuildConfiguration;
			buildSettings = {
				ALWAYS_SEARCH_USER_PATHS = NO;
				CLANG_ANALYZER_NONNULL = YES;
				CLANG_ANALYZER_NUMBER_OBJECT_CONVERSION = YES_AGGRESSIVE;
				CLANG_CXX_LANGUAGE_STANDARD = "gnu++0x";
				CLANG_CXX_LIBRARY = "libc++";
				CLANG_ENABLE_MODULES = YES;
				CLANG_ENABLE_OBJC_ARC = YES;
				CLANG_WARN_BOOL_CONVERSION = YES;
				CLANG_WARN_CONSTANT_CONVERSION = YES;
				CLANG_WARN_DIRECT_OBJC_ISA_USAGE = YES_ERROR;
				CLANG_WARN_DOCUMENTATION_COMMENTS = YES;
				CLANG_WARN_EMPTY_BODY = YES;
				CLANG_WARN_ENUM_CONVERSION = YES;
				CLANG_WARN_INFINITE_RECURSION = YES;
				CLANG_WARN_INT_CONVERSION = YES;
				CLANG_WARN_OBJC_ROOT_CLASS = YES_ERROR;
				CLANG_WARN_SUSPICIOUS_MOVE = YES;
				CLANG_WARN_UNREACHABLE_CODE = YES;
				CLANG_WARN__DUPLICATE_METHOD_MATCH = YES;
				"CODE_SIGN_IDENTITY[sdk=iphoneos*]" = "iPhone Developer";
				COPY_PHASE_STRIP = NO;
				DEBUG_INFORMATION_FORMAT = dwarf;
				ENABLE_STRICT_OBJC_MSGSEND = YES;
				ENABLE_TESTABILITY = YES;
				GCC_C_LANGUAGE_STANDARD = gnu99;
				GCC_DYNAMIC_NO_PIC = NO;
				GCC_NO_COMMON_BLOCKS = YES;
				GCC_OPTIMIZATION_LEVEL = 0;
				GCC_PREPROCESSOR_DEFINITIONS = (
					"DEBUG=1",
					"$(inherited)",
				);
				GCC_WARN_64_TO_32_BIT_CONVERSION = YES;
				GCC_WARN_ABOUT_RETURN_TYPE = YES_ERROR;
				GCC_WARN_UNDECLARED_SELECTOR = YES;
				GCC_WARN_UNINITIALIZED_AUTOS = YES_AGGRESSIVE;
				GCC_WARN_UNUSED_FUNCTION = YES;
				GCC_WARN_UNUSED_VARIABLE = YES;
				IPHONEOS_DEPLOYMENT_TARGET = 10.3;
				MTL_ENABLE_DEBUG_INFO = YES;
				ONLY_ACTIVE_ARCH = YES;
				SDKROOT = iphoneos;
				SWIFT_ACTIVE_COMPILATION_CONDITIONS = DEBUG;
				SWIFT_OPTIMIZATION_LEVEL = "-Onone";
				TARGETED_DEVICE_FAMILY = "1,2";
			};
			name = Debug;
		};
		29FABB611EC9FC1F008857E4 /* Release */ = {
			isa = XCBuildConfiguration;
			buildSettings = {
				ALWAYS_SEARCH_USER_PATHS = NO;
				CLANG_ANALYZER_NONNULL = YES;
				CLANG_ANALYZER_NUMBER_OBJECT_CONVERSION = YES_AGGRESSIVE;
				CLANG_CXX_LANGUAGE_STANDARD = "gnu++0x";
				CLANG_CXX_LIBRARY = "libc++";
				CLANG_ENABLE_MODULES = YES;
				CLANG_ENABLE_OBJC_ARC = YES;
				CLANG_WARN_BOOL_CONVERSION = YES;
				CLANG_WARN_CONSTANT_CONVERSION = YES;
				CLANG_WARN_DIRECT_OBJC_ISA_USAGE = YES_ERROR;
				CLANG_WARN_DOCUMENTATION_COMMENTS = YES;
				CLANG_WARN_EMPTY_BODY = YES;
				CLANG_WARN_ENUM_CONVERSION = YES;
				CLANG_WARN_INFINITE_RECURSION = YES;
				CLANG_WARN_INT_CONVERSION = YES;
				CLANG_WARN_OBJC_ROOT_CLASS = YES_ERROR;
				CLANG_WARN_SUSPICIOUS_MOVE = YES;
				CLANG_WARN_UNREACHABLE_CODE = YES;
				CLANG_WARN__DUPLICATE_METHOD_MATCH = YES;
				"CODE_SIGN_IDENTITY[sdk=iphoneos*]" = "iPhone Developer";
				COPY_PHASE_STRIP = NO;
				DEBUG_INFORMATION_FORMAT = "dwarf-with-dsym";
				ENABLE_NS_ASSERTIONS = NO;
				ENABLE_STRICT_OBJC_MSGSEND = YES;
				GCC_C_LANGUAGE_STANDARD = gnu99;
				GCC_NO_COMMON_BLOCKS = YES;
				GCC_WARN_64_TO_32_BIT_CONVERSION = YES;
				GCC_WARN_ABOUT_RETURN_TYPE = YES_ERROR;
				GCC_WARN_UNDECLARED_SELECTOR = YES;
				GCC_WARN_UNINITIALIZED_AUTOS = YES_AGGRESSIVE;
				GCC_WARN_UNUSED_FUNCTION = YES;
				GCC_WARN_UNUSED_VARIABLE = YES;
				IPHONEOS_DEPLOYMENT_TARGET = 10.3;
				MTL_ENABLE_DEBUG_INFO = NO;
				SDKROOT = iphoneos;
				SWIFT_OPTIMIZATION_LEVEL = "-Owholemodule";
				TARGETED_DEVICE_FAMILY = "1,2";
				VALIDATE_PRODUCT = YES;
			};
			name = Release;
		};
		29FABB631EC9FC1F008857E4 /* Debug */ = {
			isa = XCBuildConfiguration;
			baseConfigurationReference = FD52059907697E1F33402BC3 /* Pods-EZCoachSoccer.debug.xcconfig */;
			buildSettings = {
				ASSETCATALOG_COMPILER_APPICON_NAME = AppIcon;
				CODE_SIGN_ENTITLEMENTS = EZCoachSoccer/EZCoachSoccer.entitlements;
				DEVELOPMENT_TEAM = AYWS6MV5C6;
				INFOPLIST_FILE = EZCoachSoccer/Info.plist;
				LD_RUNPATH_SEARCH_PATHS = "$(inherited) @executable_path/Frameworks";
				PRODUCT_BUNDLE_IDENTIFIER = com.mackay.daniel.EZCoachSoccer;
				PRODUCT_NAME = "$(TARGET_NAME)";
				SWIFT_VERSION = 3.0;
			};
			name = Debug;
		};
		29FABB641EC9FC1F008857E4 /* Release */ = {
			isa = XCBuildConfiguration;
			baseConfigurationReference = E3BFEB194771CAB68D13AA43 /* Pods-EZCoachSoccer.release.xcconfig */;
			buildSettings = {
				ASSETCATALOG_COMPILER_APPICON_NAME = AppIcon;
				CODE_SIGN_ENTITLEMENTS = EZCoachSoccer/EZCoachSoccer.entitlements;
				DEVELOPMENT_TEAM = AYWS6MV5C6;
				INFOPLIST_FILE = EZCoachSoccer/Info.plist;
				LD_RUNPATH_SEARCH_PATHS = "$(inherited) @executable_path/Frameworks";
				PRODUCT_BUNDLE_IDENTIFIER = com.mackay.daniel.EZCoachSoccer;
				PRODUCT_NAME = "$(TARGET_NAME)";
				SWIFT_VERSION = 3.0;
			};
			name = Release;
		};
		29FABB661EC9FC1F008857E4 /* Debug */ = {
			isa = XCBuildConfiguration;
			baseConfigurationReference = 20E9E5F430CE210E68D20BFF /* Pods-EZCoachSoccerTests.debug.xcconfig */;
			buildSettings = {
				ALWAYS_EMBED_SWIFT_STANDARD_LIBRARIES = YES;
				BUNDLE_LOADER = "$(TEST_HOST)";
				DEVELOPMENT_TEAM = AYWS6MV5C6;
				INFOPLIST_FILE = EZCoachSoccerTests/Info.plist;
				LD_RUNPATH_SEARCH_PATHS = "$(inherited) @executable_path/Frameworks @loader_path/Frameworks";
				PRODUCT_BUNDLE_IDENTIFIER = com.mackay.daniel.EZCoachSoccerTests;
				PRODUCT_NAME = "$(TARGET_NAME)";
				SWIFT_VERSION = 3.0;
				TEST_HOST = "$(BUILT_PRODUCTS_DIR)/EZCoachSoccer.app/EZCoachSoccer";
			};
			name = Debug;
		};
		29FABB671EC9FC1F008857E4 /* Release */ = {
			isa = XCBuildConfiguration;
			baseConfigurationReference = 6AF7D335885C4614B4ACAC5C /* Pods-EZCoachSoccerTests.release.xcconfig */;
			buildSettings = {
				ALWAYS_EMBED_SWIFT_STANDARD_LIBRARIES = YES;
				BUNDLE_LOADER = "$(TEST_HOST)";
				DEVELOPMENT_TEAM = AYWS6MV5C6;
				INFOPLIST_FILE = EZCoachSoccerTests/Info.plist;
				LD_RUNPATH_SEARCH_PATHS = "$(inherited) @executable_path/Frameworks @loader_path/Frameworks";
				PRODUCT_BUNDLE_IDENTIFIER = com.mackay.daniel.EZCoachSoccerTests;
				PRODUCT_NAME = "$(TARGET_NAME)";
				SWIFT_VERSION = 3.0;
				TEST_HOST = "$(BUILT_PRODUCTS_DIR)/EZCoachSoccer.app/EZCoachSoccer";
			};
			name = Release;
		};
		29FABB691EC9FC1F008857E4 /* Debug */ = {
			isa = XCBuildConfiguration;
			baseConfigurationReference = 22BE2832CEBB169FED9D6CE5 /* Pods-EZCoachSoccerUITests.debug.xcconfig */;
			buildSettings = {
				ALWAYS_EMBED_SWIFT_STANDARD_LIBRARIES = YES;
				DEVELOPMENT_TEAM = AYWS6MV5C6;
				INFOPLIST_FILE = EZCoachSoccerUITests/Info.plist;
				LD_RUNPATH_SEARCH_PATHS = "$(inherited) @executable_path/Frameworks @loader_path/Frameworks";
				PRODUCT_BUNDLE_IDENTIFIER = com.mackay.daniel.EZCoachSoccerUITests;
				PRODUCT_NAME = "$(TARGET_NAME)";
				SWIFT_VERSION = 3.0;
				TEST_TARGET_NAME = EZCoachSoccer;
			};
			name = Debug;
		};
		29FABB6A1EC9FC1F008857E4 /* Release */ = {
			isa = XCBuildConfiguration;
			baseConfigurationReference = F4B37F6980C2D29421278F82 /* Pods-EZCoachSoccerUITests.release.xcconfig */;
			buildSettings = {
				ALWAYS_EMBED_SWIFT_STANDARD_LIBRARIES = YES;
				DEVELOPMENT_TEAM = AYWS6MV5C6;
				INFOPLIST_FILE = EZCoachSoccerUITests/Info.plist;
				LD_RUNPATH_SEARCH_PATHS = "$(inherited) @executable_path/Frameworks @loader_path/Frameworks";
				PRODUCT_BUNDLE_IDENTIFIER = com.mackay.daniel.EZCoachSoccerUITests;
				PRODUCT_NAME = "$(TARGET_NAME)";
				SWIFT_VERSION = 3.0;
				TEST_TARGET_NAME = EZCoachSoccer;
			};
			name = Release;
		};
/* End XCBuildConfiguration section */

/* Begin XCConfigurationList section */
		29FABB351EC9FC1D008857E4 /* Build configuration list for PBXProject "EZCoachSoccer" */ = {
			isa = XCConfigurationList;
			buildConfigurations = (
				29FABB601EC9FC1F008857E4 /* Debug */,
				29FABB611EC9FC1F008857E4 /* Release */,
			);
			defaultConfigurationIsVisible = 0;
			defaultConfigurationName = Release;
		};
		29FABB621EC9FC1F008857E4 /* Build configuration list for PBXNativeTarget "EZCoachSoccer" */ = {
			isa = XCConfigurationList;
			buildConfigurations = (
				29FABB631EC9FC1F008857E4 /* Debug */,
				29FABB641EC9FC1F008857E4 /* Release */,
			);
			defaultConfigurationIsVisible = 0;
			defaultConfigurationName = Release;
		};
		29FABB651EC9FC1F008857E4 /* Build configuration list for PBXNativeTarget "EZCoachSoccerTests" */ = {
			isa = XCConfigurationList;
			buildConfigurations = (
				29FABB661EC9FC1F008857E4 /* Debug */,
				29FABB671EC9FC1F008857E4 /* Release */,
			);
			defaultConfigurationIsVisible = 0;
			defaultConfigurationName = Release;
		};
		29FABB681EC9FC1F008857E4 /* Build configuration list for PBXNativeTarget "EZCoachSoccerUITests" */ = {
			isa = XCConfigurationList;
			buildConfigurations = (
				29FABB691EC9FC1F008857E4 /* Debug */,
				29FABB6A1EC9FC1F008857E4 /* Release */,
			);
			defaultConfigurationIsVisible = 0;
			defaultConfigurationName = Release;
		};
/* End XCConfigurationList section */
	};
	rootObject = 29FABB321EC9FC1D008857E4 /* Project object */;
}
